
Microsoft Visual Studio Solution File, Format Version 12.00
# Visual Studio Version 17
VisualStudioVersion = 17.5.002.0
MinimumVisualStudioVersion = 10.0.40219.1
Project("{9A19103F-16F7-4668-BE54-9A1E7A4F7556}") = "GameStore.Client", "GameStore.Client\GameStore.Client.csproj", "{C3D64408-0740-430D-95D5-A81AF7D714B1}"
EndProject
Global
	GlobalSection(SolutionConfigurationPlatforms) = preSolution
		Debug|Any CPU = Debug|Any CPU
		Release|Any CPU = Release|Any CPU
	EndGlobalSection
	GlobalSection(ProjectConfigurationPlatforms) = postSolution
		{C3D64408-0740-430D-95D5-A81AF7D714B1}.Debug|Any CPU.ActiveCfg = Debug|Any CPU
		{C3D64408-0740-430D-95D5-A81AF7D714B1}.Debug|Any CPU.Build.0 = Debug|Any CPU
		{C3D64408-0740-430D-95D5-A81AF7D714B1}.Release|Any CPU.ActiveCfg = Release|Any CPU
		{C3D64408-0740-430D-95D5-A81AF7D714B1}.Release|Any CPU.Build.0 = Release|Any CPU
	EndGlobalSection
	GlobalSection(SolutionProperties) = preSolution
		HideSolutionNode = FALSE
	EndGlobalSection
	GlobalSection(ExtensibilityGlobals) = postSolution
		SolutionGuid = {E2512080-6B48-465A-A3C8-A7071DBDA504}
	EndGlobalSection
EndGlobal
